
Microsoft Visual Studio Solution File, Format Version 12.00
# Visual Studio Version 17
VisualStudioVersion = 17.3.32825.248
MinimumVisualStudioVersion = 10.0.40219.1
Project("{9A19103F-16F7-4668-BE54-9A1E7A4F7556}") = "RecordManagment.DAL", "RecordManagment.DAL\RecordManagment.DAL.csproj", "{172D2DFF-1682-48DE-910E-A0E94860A12C}"
EndProject
Project("{9A19103F-16F7-4668-BE54-9A1E7A4F7556}") = "RecordManagment.BLL", "RecordManagment.BL\RecordManagment.BLL.csproj", "{6E5C5B9C-F660-465E-BFCA-497FF06337ED}"
EndProject
Project("{9A19103F-16F7-4668-BE54-9A1E7A4F7556}") = "RecordManagment.API", "RecordManagment.API\RecordManagment.API.csproj", "{A63F7DA7-0E87-417D-8E4A-23D03DCCAC82}"
EndProject
Project("{9A19103F-16F7-4668-BE54-9A1E7A4F7556}") = "Catalog.DAL", "Catalog.DAL\Catalog.DAL.csproj", "{10B51B48-6E32-4661-ACB5-48892522C9DC}"
EndProject
Project("{9A19103F-16F7-4668-BE54-9A1E7A4F7556}") = "Catalog.BLL", "Catalog.BLL\Catalog.BLL.csproj", "{F9D4C99F-C030-4B38-AC33-F3A5CACAA3CC}"
EndProject
Project("{9A19103F-16F7-4668-BE54-9A1E7A4F7556}") = "Catalog.API", "Catalog.API\Catalog.API.csproj", "{A7B55882-D3F1-4CF2-8D0E-CDE40CBD9524}"
EndProject
Project("{9A19103F-16F7-4668-BE54-9A1E7A4F7556}") = "WrittenOffManagement.Domain", "WrittenOff.Domain\WrittenOffManagement.Domain.csproj", "{791BB062-4905-4795-8B4F-3EF17F0A658F}"
EndProject
Project("{9A19103F-16F7-4668-BE54-9A1E7A4F7556}") = "WrittenOffManagement.Application", "WrittenOff.Application\WrittenOffManagement.Application.csproj", "{867D3597-7264-49B4-BE9B-46475A5557D8}"
EndProject
Project("{9A19103F-16F7-4668-BE54-9A1E7A4F7556}") = "WrittenOffManagement.Infrastructure", "WrittenOff.Infrastructure\WrittenOffManagement.Infrastructure.csproj", "{259CEC50-93AC-4EE0-AAC9-8814C8AE70D1}"
EndProject
Project("{9A19103F-16F7-4668-BE54-9A1E7A4F7556}") = "WrittenOffManagement.API", "WrittenOff.API\WrittenOffManagement.API.csproj", "{B923FC5D-BD45-4A36-8C1C-425C1A99572C}"
EndProject
Project("{2150E333-8FDC-42A3-9474-1A3956D46DE8}") = "Catalog", "Catalog", "{9961FF22-EDB8-4339-ABA6-7AD97794BF27}"
EndProject
Project("{2150E333-8FDC-42A3-9474-1A3956D46DE8}") = "RecordManagment", "RecordManagment", "{8BE9707D-DB0E-43B1-885E-7E4198E316A5}"
EndProject
Project("{2150E333-8FDC-42A3-9474-1A3956D46DE8}") = "WrittenOffManagment", "WrittenOffManagment", "{4B17CB04-0D26-48E7-90CF-0A0D3AAC5703}"
EndProject
Project("{9A19103F-16F7-4668-BE54-9A1E7A4F7556}") = "Gateway.API", "Gateway.API\Gateway.API.csproj", "{983762E9-17E6-4856-901A-66B59DE89B3D}"
EndProject
Project("{2150E333-8FDC-42A3-9474-1A3956D46DE8}") = "Aggregator", "Aggregator", "{BDED668F-0BCB-46A9-B528-FCFDCAC641CB}"
EndProject
Project("{2150E333-8FDC-42A3-9474-1A3956D46DE8}") = "BuildingBlocks", "BuildingBlocks", "{292407AE-A62C-4905-9B3A-5BE65142AF6C}"
EndProject
Project("{9A19103F-16F7-4668-BE54-9A1E7A4F7556}") = "EventBus.Messages", "EventBus.Messages\EventBus.Messages.csproj", "{77D289FE-DFC5-4B87-9F1F-96AD08577E7C}"
EndProject
Project("{9A19103F-16F7-4668-BE54-9A1E7A4F7556}") = "Agregator", "Agregator\Agregator.csproj", "{EDFD2B86-3EDA-4D6C-BAC2-BA78ACF84961}"
EndProject
Project("{9A19103F-16F7-4668-BE54-9A1E7A4F7556}") = "Identity", "Identity\Identity.csproj", "{0E4D53D8-8355-40F6-8A4A-0FCE5AA58104}"
EndProject
Project("{2150E333-8FDC-42A3-9474-1A3956D46DE8}") = "Identity Server", "Identity Server", "{3C9EC274-F7F8-4A7C-8812-59F4EFB8AD18}"
EndProject
Project("{FAE04EC0-301F-11D3-BF4B-00C04F79EFBC}") = "WebIdentityClient", "WebIdentityClient\WebIdentityClient.csproj", "{E33386C7-5C50-4774-AAE0-38983CCE34F2}"
EndProject
Global
	GlobalSection(SolutionConfigurationPlatforms) = preSolution
		Debug|Any CPU = Debug|Any CPU
		Release|Any CPU = Release|Any CPU
	EndGlobalSection
	GlobalSection(ProjectConfigurationPlatforms) = postSolution
		{172D2DFF-1682-48DE-910E-A0E94860A12C}.Debug|Any CPU.ActiveCfg = Debug|Any CPU
		{172D2DFF-1682-48DE-910E-A0E94860A12C}.Debug|Any CPU.Build.0 = Debug|Any CPU
		{172D2DFF-1682-48DE-910E-A0E94860A12C}.Release|Any CPU.ActiveCfg = Release|Any CPU
		{172D2DFF-1682-48DE-910E-A0E94860A12C}.Release|Any CPU.Build.0 = Release|Any CPU
		{6E5C5B9C-F660-465E-BFCA-497FF06337ED}.Debug|Any CPU.ActiveCfg = Debug|Any CPU
		{6E5C5B9C-F660-465E-BFCA-497FF06337ED}.Debug|Any CPU.Build.0 = Debug|Any CPU
		{6E5C5B9C-F660-465E-BFCA-497FF06337ED}.Release|Any CPU.ActiveCfg = Release|Any CPU
		{6E5C5B9C-F660-465E-BFCA-497FF06337ED}.Release|Any CPU.Build.0 = Release|Any CPU
		{A63F7DA7-0E87-417D-8E4A-23D03DCCAC82}.Debug|Any CPU.ActiveCfg = Debug|Any CPU
		{A63F7DA7-0E87-417D-8E4A-23D03DCCAC82}.Debug|Any CPU.Build.0 = Debug|Any CPU
		{A63F7DA7-0E87-417D-8E4A-23D03DCCAC82}.Release|Any CPU.ActiveCfg = Release|Any CPU
		{A63F7DA7-0E87-417D-8E4A-23D03DCCAC82}.Release|Any CPU.Build.0 = Release|Any CPU
		{10B51B48-6E32-4661-ACB5-48892522C9DC}.Debug|Any CPU.ActiveCfg = Debug|Any CPU
		{10B51B48-6E32-4661-ACB5-48892522C9DC}.Debug|Any CPU.Build.0 = Debug|Any CPU
		{10B51B48-6E32-4661-ACB5-48892522C9DC}.Release|Any CPU.ActiveCfg = Release|Any CPU
		{10B51B48-6E32-4661-ACB5-48892522C9DC}.Release|Any CPU.Build.0 = Release|Any CPU
		{F9D4C99F-C030-4B38-AC33-F3A5CACAA3CC}.Debug|Any CPU.ActiveCfg = Debug|Any CPU
		{F9D4C99F-C030-4B38-AC33-F3A5CACAA3CC}.Debug|Any CPU.Build.0 = Debug|Any CPU
		{F9D4C99F-C030-4B38-AC33-F3A5CACAA3CC}.Release|Any CPU.ActiveCfg = Release|Any CPU
		{F9D4C99F-C030-4B38-AC33-F3A5CACAA3CC}.Release|Any CPU.Build.0 = Release|Any CPU
		{A7B55882-D3F1-4CF2-8D0E-CDE40CBD9524}.Debug|Any CPU.ActiveCfg = Debug|Any CPU
		{A7B55882-D3F1-4CF2-8D0E-CDE40CBD9524}.Debug|Any CPU.Build.0 = Debug|Any CPU
		{A7B55882-D3F1-4CF2-8D0E-CDE40CBD9524}.Release|Any CPU.ActiveCfg = Release|Any CPU
		{A7B55882-D3F1-4CF2-8D0E-CDE40CBD9524}.Release|Any CPU.Build.0 = Release|Any CPU
		{791BB062-4905-4795-8B4F-3EF17F0A658F}.Debug|Any CPU.ActiveCfg = Debug|Any CPU
		{791BB062-4905-4795-8B4F-3EF17F0A658F}.Debug|Any CPU.Build.0 = Debug|Any CPU
		{791BB062-4905-4795-8B4F-3EF17F0A658F}.Release|Any CPU.ActiveCfg = Release|Any CPU
		{791BB062-4905-4795-8B4F-3EF17F0A658F}.Release|Any CPU.Build.0 = Release|Any CPU
		{867D3597-7264-49B4-BE9B-46475A5557D8}.Debug|Any CPU.ActiveCfg = Debug|Any CPU
		{867D3597-7264-49B4-BE9B-46475A5557D8}.Debug|Any CPU.Build.0 = Debug|Any CPU
		{867D3597-7264-49B4-BE9B-46475A5557D8}.Release|Any CPU.ActiveCfg = Release|Any CPU
		{867D3597-7264-49B4-BE9B-46475A5557D8}.Release|Any CPU.Build.0 = Release|Any CPU
		{259CEC50-93AC-4EE0-AAC9-8814C8AE70D1}.Debug|Any CPU.ActiveCfg = Debug|Any CPU
		{259CEC50-93AC-4EE0-AAC9-8814C8AE70D1}.Debug|Any CPU.Build.0 = Debug|Any CPU
		{259CEC50-93AC-4EE0-AAC9-8814C8AE70D1}.Release|Any CPU.ActiveCfg = Release|Any CPU
		{259CEC50-93AC-4EE0-AAC9-8814C8AE70D1}.Release|Any CPU.Build.0 = Release|Any CPU
		{B923FC5D-BD45-4A36-8C1C-425C1A99572C}.Debug|Any CPU.ActiveCfg = Debug|Any CPU
		{B923FC5D-BD45-4A36-8C1C-425C1A99572C}.Debug|Any CPU.Build.0 = Debug|Any CPU
		{B923FC5D-BD45-4A36-8C1C-425C1A99572C}.Release|Any CPU.ActiveCfg = Release|Any CPU
		{B923FC5D-BD45-4A36-8C1C-425C1A99572C}.Release|Any CPU.Build.0 = Release|Any CPU
		{983762E9-17E6-4856-901A-66B59DE89B3D}.Debug|Any CPU.ActiveCfg = Debug|Any CPU
		{983762E9-17E6-4856-901A-66B59DE89B3D}.Debug|Any CPU.Build.0 = Debug|Any CPU
		{983762E9-17E6-4856-901A-66B59DE89B3D}.Release|Any CPU.ActiveCfg = Release|Any CPU
		{983762E9-17E6-4856-901A-66B59DE89B3D}.Release|Any CPU.Build.0 = Release|Any CPU
		{77D289FE-DFC5-4B87-9F1F-96AD08577E7C}.Debug|Any CPU.ActiveCfg = Debug|Any CPU
		{77D289FE-DFC5-4B87-9F1F-96AD08577E7C}.Debug|Any CPU.Build.0 = Debug|Any CPU
		{77D289FE-DFC5-4B87-9F1F-96AD08577E7C}.Release|Any CPU.ActiveCfg = Release|Any CPU
		{77D289FE-DFC5-4B87-9F1F-96AD08577E7C}.Release|Any CPU.Build.0 = Release|Any CPU
		{EDFD2B86-3EDA-4D6C-BAC2-BA78ACF84961}.Debug|Any CPU.ActiveCfg = Debug|Any CPU
		{EDFD2B86-3EDA-4D6C-BAC2-BA78ACF84961}.Debug|Any CPU.Build.0 = Debug|Any CPU
		{EDFD2B86-3EDA-4D6C-BAC2-BA78ACF84961}.Release|Any CPU.ActiveCfg = Release|Any CPU
		{EDFD2B86-3EDA-4D6C-BAC2-BA78ACF84961}.Release|Any CPU.Build.0 = Release|Any CPU
		{0E4D53D8-8355-40F6-8A4A-0FCE5AA58104}.Debug|Any CPU.ActiveCfg = Debug|Any CPU
		{0E4D53D8-8355-40F6-8A4A-0FCE5AA58104}.Debug|Any CPU.Build.0 = Debug|Any CPU
		{0E4D53D8-8355-40F6-8A4A-0FCE5AA58104}.Release|Any CPU.ActiveCfg = Release|Any CPU
		{0E4D53D8-8355-40F6-8A4A-0FCE5AA58104}.Release|Any CPU.Build.0 = Release|Any CPU
		{E33386C7-5C50-4774-AAE0-38983CCE34F2}.Debug|Any CPU.ActiveCfg = Debug|Any CPU
		{E33386C7-5C50-4774-AAE0-38983CCE34F2}.Debug|Any CPU.Build.0 = Debug|Any CPU
		{E33386C7-5C50-4774-AAE0-38983CCE34F2}.Release|Any CPU.ActiveCfg = Release|Any CPU
		{E33386C7-5C50-4774-AAE0-38983CCE34F2}.Release|Any CPU.Build.0 = Release|Any CPU
	EndGlobalSection
	GlobalSection(SolutionProperties) = preSolution
		HideSolutionNode = FALSE
	EndGlobalSection
	GlobalSection(NestedProjects) = preSolution
		{172D2DFF-1682-48DE-910E-A0E94860A12C} = {8BE9707D-DB0E-43B1-885E-7E4198E316A5}
		{6E5C5B9C-F660-465E-BFCA-497FF06337ED} = {8BE9707D-DB0E-43B1-885E-7E4198E316A5}
		{A63F7DA7-0E87-417D-8E4A-23D03DCCAC82} = {8BE9707D-DB0E-43B1-885E-7E4198E316A5}
		{10B51B48-6E32-4661-ACB5-48892522C9DC} = {9961FF22-EDB8-4339-ABA6-7AD97794BF27}
		{F9D4C99F-C030-4B38-AC33-F3A5CACAA3CC} = {9961FF22-EDB8-4339-ABA6-7AD97794BF27}
		{A7B55882-D3F1-4CF2-8D0E-CDE40CBD9524} = {9961FF22-EDB8-4339-ABA6-7AD97794BF27}
		{791BB062-4905-4795-8B4F-3EF17F0A658F} = {4B17CB04-0D26-48E7-90CF-0A0D3AAC5703}
		{867D3597-7264-49B4-BE9B-46475A5557D8} = {4B17CB04-0D26-48E7-90CF-0A0D3AAC5703}
		{259CEC50-93AC-4EE0-AAC9-8814C8AE70D1} = {4B17CB04-0D26-48E7-90CF-0A0D3AAC5703}
		{B923FC5D-BD45-4A36-8C1C-425C1A99572C} = {4B17CB04-0D26-48E7-90CF-0A0D3AAC5703}
		{77D289FE-DFC5-4B87-9F1F-96AD08577E7C} = {292407AE-A62C-4905-9B3A-5BE65142AF6C}
		{EDFD2B86-3EDA-4D6C-BAC2-BA78ACF84961} = {BDED668F-0BCB-46A9-B528-FCFDCAC641CB}
		{0E4D53D8-8355-40F6-8A4A-0FCE5AA58104} = {3C9EC274-F7F8-4A7C-8812-59F4EFB8AD18}
		{E33386C7-5C50-4774-AAE0-38983CCE34F2} = {3C9EC274-F7F8-4A7C-8812-59F4EFB8AD18}
	EndGlobalSection
	GlobalSection(ExtensibilityGlobals) = postSolution
		SolutionGuid = {6C69C172-7908-4F52-A7DC-C71E17F7B0B0}
	EndGlobalSection
EndGlobal
